%{
  "bcrypt_elixir": {:hex, :bcrypt_elixir, "2.3.0", "6cb662d5c1b0a8858801cf20997bd006e7016aa8c52959c9ef80e0f34fb60b7a", [:make, :mix], [{:comeonin, "~> 5.3", [hex: :comeonin, repo: "hexpm", optional: false]}, {:elixir_make, "~> 0.6", [hex: :elixir_make, repo: "hexpm", optional: false]}], "hexpm", "2c81d61d4f6ed0e5cf7bf27a9109b791ff216a1034b3d541327484f46dd43769"},
  "cachex": {:hex, :cachex, "3.4.0", "868b2959ea4aeb328c6b60ff66c8d5123c083466ad3c33d3d8b5f142e13101fb", [:mix], [{:eternal, "~> 1.2", [hex: :eternal, repo: "hexpm", optional: false]}, {:jumper, "~> 1.0", [hex: :jumper, repo: "hexpm", optional: false]}, {:sleeplocks, "~> 1.1", [hex: :sleeplocks, repo: "hexpm", optional: false]}, {:unsafe, "~> 1.0", [hex: :unsafe, repo: "hexpm", optional: false]}], "hexpm", "370123b1ab4fba4d2965fb18f87fd758325709787c8c5fce35b3fe80645ccbe5"},
  "calendar": {:hex, :calendar, "1.0.0", "f52073a708528482ec33d0a171954ca610fe2bd28f1e871f247dc7f1565fa807", [:mix], [{:tzdata, "~> 0.5.20 or ~> 0.1.201603 or ~> 1.0", [hex: :tzdata, repo: "hexpm", optional: false]}], "hexpm", "990e9581920c82912a5ee50e62ff5ef96da6b15949a2ee4734f935fdef0f0a6f"},
  "certifi": {:hex, :certifi, "2.8.0", "d4fb0a6bb20b7c9c3643e22507e42f356ac090a1dcea9ab99e27e0376d695eba", [:rebar3], [], "hexpm", "6ac7efc1c6f8600b08d625292d4bbf584e14847ce1b6b5c44d983d273e1097ea"},
  "cloak": {:hex, :cloak, "1.1.1", "6f8f6674cacd3c504daf2aaeba8f9cde3ae8009ce01ff854dd3e92fbb7954c69", [:mix], [{:jason, "~> 1.0", [hex: :jason, repo: "hexpm", optional: true]}], "hexpm", "d440c4ea3a5a31baeaea4592b534dfdccc4ded0ee098b92955a5658cbe7be625"},
  "cloak_ecto": {:hex, :cloak_ecto, "1.2.0", "e86a3df3bf0dc8980f70406bcb0af2858bac247d55494d40bc58a152590bd402", [:mix], [{:cloak, "~> 1.1.1", [hex: :cloak, repo: "hexpm", optional: false]}, {:ecto, "~> 3.0", [hex: :ecto, repo: "hexpm", optional: false]}], "hexpm", "8bcc677185c813fe64b786618bd6689b1707b35cd95acaae0834557b15a0c62f"},
  "comeonin": {:hex, :comeonin, "5.3.2", "5c2f893d05c56ae3f5e24c1b983c2d5dfb88c6d979c9287a76a7feb1e1d8d646", [:mix], [], "hexpm", "d0993402844c49539aeadb3fe46a3c9bd190f1ecf86b6f9ebd71957534c95f04"},
  "connection": {:hex, :connection, "1.1.0", "ff2a49c4b75b6fb3e674bfc5536451607270aac754ffd1bdfe175abe4a6d7a68", [:mix], [], "hexpm", "722c1eb0a418fbe91ba7bd59a47e28008a189d47e37e0e7bb85585a016b2869c"},
  "db_connection": {:hex, :db_connection, "2.4.1", "6411f6e23f1a8b68a82fa3a36366d4881f21f47fc79a9efb8c615e62050219da", [:mix], [{:connection, "~> 1.0", [hex: :connection, repo: "hexpm", optional: false]}, {:telemetry, "~> 0.4 or ~> 1.0", [hex: :telemetry, repo: "hexpm", optional: false]}], "hexpm", "ea36d226ec5999781a9a8ad64e5d8c4454ecedc7a4d643e4832bf08efca01f00"},
  "decimal": {:hex, :decimal, "2.0.0", "a78296e617b0f5dd4c6caf57c714431347912ffb1d0842e998e9792b5642d697", [:mix], [], "hexpm", "34666e9c55dea81013e77d9d87370fe6cb6291d1ef32f46a1600230b1d44f577"},
  "earmark": {:hex, :earmark, "1.4.18", "618c4ff1563450d1832b7fb41dc6755e470f91a6fd4c70f350a58b14f64a7db8", [:mix], [{:earmark_parser, ">= 1.4.17", [hex: :earmark_parser, repo: "hexpm", optional: false]}], "hexpm", "57ac3b6da3958ed09c669a9b159e86377fcccda56bacde8a209fa4dcdef52560"},
  "earmark_parser": {:hex, :earmark_parser, "1.4.17", "6f3c7e94170377ba45241d394389e800fb15adc5de51d0a3cd52ae766aafd63f", [:mix], [], "hexpm", "f93ac89c9feca61c165b264b5837bf82344d13bebc634cd575cb711e2e342023"},
  "ecto": {:hex, :ecto, "3.7.1", "a20598862351b29f80f285b21ec5297da1181c0442687f9b8329f0445d228892", [:mix], [{:decimal, "~> 1.6 or ~> 2.0", [hex: :decimal, repo: "hexpm", optional: false]}, {:jason, "~> 1.0", [hex: :jason, repo: "hexpm", optional: true]}, {:telemetry, "~> 0.4 or ~> 1.0", [hex: :telemetry, repo: "hexpm", optional: false]}], "hexpm", "d36e5b39fc479e654cffd4dbe1865d9716e4a9b6311faff799b6f90ab81b8638"},
  "ecto_sql": {:hex, :ecto_sql, "3.7.1", "8de624ef50b2a8540252d8c60506379fbbc2707be1606853df371cf53df5d053", [:mix], [{:db_connection, "~> 2.2", [hex: :db_connection, repo: "hexpm", optional: false]}, {:ecto, "~> 3.7.0", [hex: :ecto, repo: "hexpm", optional: false]}, {:myxql, "~> 0.4.0 or ~> 0.5.0", [hex: :myxql, repo: "hexpm", optional: true]}, {:postgrex, "~> 0.15.0 or ~> 1.0", [hex: :postgrex, repo: "hexpm", optional: true]}, {:tds, "~> 2.1.1 or ~> 2.2", [hex: :tds, repo: "hexpm", optional: true]}, {:telemetry, "~> 0.4.0 or ~> 1.0", [hex: :telemetry, repo: "hexpm", optional: false]}], "hexpm", "2b42a32e2ce92f64aba5c88617891ab3b0ba34f3f3a503fa20009eae1a401c81"},
  "elixir_make": {:hex, :elixir_make, "0.6.2", "7dffacd77dec4c37b39af867cedaabb0b59f6a871f89722c25b28fcd4bd70530", [:mix], [], "hexpm", "03e49eadda22526a7e5279d53321d1cced6552f344ba4e03e619063de75348d9"},
  "eternal": {:hex, :eternal, "1.2.2", "d1641c86368de99375b98d183042dd6c2b234262b8d08dfd72b9eeaafc2a1abd", [:mix], [], "hexpm", "2c9fe32b9c3726703ba5e1d43a1d255a4f3f2d8f8f9bc19f094c7cb1a7a9e782"},
  "ex_doc": {:hex, :ex_doc, "0.26.0", "1922164bac0b18b02f84d6f69cab1b93bc3e870e2ad18d5dacb50a9e06b542a3", [:mix], [{:earmark_parser, "~> 1.4.0", [hex: :earmark_parser, repo: "hexpm", optional: false]}, {:makeup_elixir, "~> 0.14", [hex: :makeup_elixir, repo: "hexpm", optional: false]}, {:makeup_erlang, "~> 0.1", [hex: :makeup_erlang, repo: "hexpm", optional: false]}], "hexpm", "2775d66e494a9a48355db7867478ffd997864c61c65a47d31c4949459281c78d"},
  "fast_rss": {:git, "git://github.com/RobinBoers/fast_rss.git", "e29a7e7b17135ab8e302621b743373f76fea586e", []},
  "feeder": {:hex, :feeder, "2.3.2", "18792e18ae2928885e1859ecfbac6fc7a2ec6e99efa51828160e530b2a188c8b", [:make], [], "hexpm", "e176f1e486a4498ae0e235fb5d254082272d52e5f9bd825c469f1dcddf21edd4"},
  "feeder_ex": {:hex, :feeder_ex, "1.1.0", "0be3732255cdb45dec949e0ede6852b5261c9ff173360e8274a6ac65183b2b55", [:mix], [{:feeder, "~> 2.2", [hex: :feeder, repo: "hexpm", optional: false]}], "hexpm", "3d06dfcc3e13a2fb66182dffc16e112b0ef9aea432a949f48b56c667ac09d07e"},
  "hackney": {:hex, :hackney, "1.18.0", "c4443d960bb9fba6d01161d01cd81173089686717d9490e5d3606644c48d121f", [:rebar3], [{:certifi, "~>2.8.0", [hex: :certifi, repo: "hexpm", optional: false]}, {:idna, "~>6.1.0", [hex: :idna, repo: "hexpm", optional: false]}, {:metrics, "~>1.0.0", [hex: :metrics, repo: "hexpm", optional: false]}, {:mimerl, "~>1.1", [hex: :mimerl, repo: "hexpm", optional: false]}, {:parse_trans, "3.3.1", [hex: :parse_trans, repo: "hexpm", optional: false]}, {:ssl_verify_fun, "~>1.1.0", [hex: :ssl_verify_fun, repo: "hexpm", optional: false]}, {:unicode_util_compat, "~>0.7.0", [hex: :unicode_util_compat, repo: "hexpm", optional: false]}], "hexpm", "9afcda620704d720db8c6a3123e9848d09c87586dc1c10479c42627b905b5c5e"},
  "html_sanitize_ex": {:git, "git://github.com/RobinBoers/html-sanitize-ex.git", "34a6626875b4efe15543657ddc54cf5eb57ecdf0", []},
  "httpoison": {:hex, :httpoison, "1.8.0", "6b85dea15820b7804ef607ff78406ab449dd78bed923a49c7160e1886e987a3d", [:mix], [{:hackney, "~> 1.17", [hex: :hackney, repo: "hexpm", optional: false]}], "hexpm", "28089eaa98cf90c66265b6b5ad87c59a3729bea2e74e9d08f9b51eb9729b3c3a"},
  "idna": {:hex, :idna, "6.1.1", "8a63070e9f7d0c62eb9d9fcb360a7de382448200fbbd1b106cc96d3d8099df8d", [:rebar3], [{:unicode_util_compat, "~>0.7.0", [hex: :unicode_util_compat, repo: "hexpm", optional: false]}], "hexpm", "92376eb7894412ed19ac475e4a86f7b413c1b9fbb5bd16dccd57934157944cea"},
  "jason": {:hex, :jason, "1.2.2", "ba43e3f2709fd1aa1dce90aaabfd039d000469c05c56f0b8e31978e03fa39052", [:mix], [{:decimal, "~> 1.0 or ~> 2.0", [hex: :decimal, repo: "hexpm", optional: true]}], "hexpm", "18a228f5f0058ee183f29f9eae0805c6e59d61c3b006760668d8d18ff0d12179"},
  "jumper": {:hex, :jumper, "1.0.1", "3c00542ef1a83532b72269fab9f0f0c82bf23a35e27d278bfd9ed0865cecabff", [:mix], [], "hexpm", "318c59078ac220e966d27af3646026db9b5a5e6703cb2aa3e26bcfaba65b7433"},
  "makeup": {:hex, :makeup, "1.0.5", "d5a830bc42c9800ce07dd97fa94669dfb93d3bf5fcf6ea7a0c67b2e0e4a7f26c", [:mix], [{:nimble_parsec, "~> 0.5 or ~> 1.0", [hex: :nimble_parsec, repo: "hexpm", optional: false]}], "hexpm", "cfa158c02d3f5c0c665d0af11512fed3fba0144cf1aadee0f2ce17747fba2ca9"},
  "makeup_elixir": {:hex, :makeup_elixir, "0.15.2", "dc72dfe17eb240552857465cc00cce390960d9a0c055c4ccd38b70629227e97c", [:mix], [{:makeup, "~> 1.0", [hex: :makeup, repo: "hexpm", optional: false]}, {:nimble_parsec, "~> 1.1", [hex: :nimble_parsec, repo: "hexpm", optional: false]}], "hexpm", "fd23ae48d09b32eff49d4ced2b43c9f086d402ee4fd4fcb2d7fad97fa8823e75"},
  "makeup_erlang": {:hex, :makeup_erlang, "0.1.1", "3fcb7f09eb9d98dc4d208f49cc955a34218fc41ff6b84df7c75b3e6e533cc65f", [:mix], [{:makeup, "~> 1.0", [hex: :makeup, repo: "hexpm", optional: false]}], "hexpm", "174d0809e98a4ef0b3309256cbf97101c6ec01c4ab0b23e926a9e17df2077cbb"},
  "metrics": {:hex, :metrics, "1.0.1", "25f094dea2cda98213cecc3aeff09e940299d950904393b2a29d191c346a8486", [:rebar3], [], "hexpm", "69b09adddc4f74a40716ae54d140f93beb0fb8978d8636eaded0c31b6f099f16"},
  "mimerl": {:hex, :mimerl, "1.2.0", "67e2d3f571088d5cfd3e550c383094b47159f3eee8ffa08e64106cdf5e981be3", [:rebar3], [], "hexpm", "f278585650aa581986264638ebf698f8bb19df297f66ad91b18910dfc6e19323"},
  "mochiweb": {:hex, :mochiweb, "2.22.0", "f104d6747c01a330c38613561977e565b788b9170055c5241ac9dd6e4617cba5", [:rebar3], [], "hexpm", "cbbd1fd315d283c576d1c8a13e0738f6dafb63dc840611249608697502a07655"},
  "nimble_parsec": {:hex, :nimble_parsec, "1.2.0", "b44d75e2a6542dcb6acf5d71c32c74ca88960421b6874777f79153bbbbd7dccc", [:mix], [], "hexpm", "52b2871a7515a5ac49b00f214e4165a40724cf99798d8e4a65e4fd64ebd002c1"},
  "nin_db": {:git, "git://github.com/RobinBoers/nindo-nindb.git", "3919798d33b969fd561989bf6c43ea4732ca2137", []},
  "parse_trans": {:hex, :parse_trans, "3.3.1", "16328ab840cc09919bd10dab29e431da3af9e9e7e7e6f0089dd5a2d2820011d8", [:rebar3], [], "hexpm", "07cd9577885f56362d414e8c4c4e6bdf10d43a8767abb92d24cbe8b24c54888b"},
  "postgrex": {:hex, :postgrex, "0.15.11", "50abbb50f33d22d79af402e549b9a566ba4f0451b4f5fd39b72d9bbd49743d24", [:mix], [{:connection, "~> 1.0", [hex: :connection, repo: "hexpm", optional: false]}, {:db_connection, "~> 2.1", [hex: :db_connection, repo: "hexpm", optional: false]}, {:decimal, "~> 1.5 or ~> 2.0", [hex: :decimal, repo: "hexpm", optional: false]}, {:jason, "~> 1.0", [hex: :jason, repo: "hexpm", optional: true]}], "hexpm", "6f0e5c3ea10f97468f5ff852277cb207f068399eb68b0c06c142ef68a4e82952"},
  "rss": {:hex, :rss, "0.2.1", "034f2fe5250a490862e692eb34a31bb5c142913c2fe0fb093e1fd982f010e15d", [:mix], [], "hexpm", "1af49c787fc789740a0fa7e0e197a7cb779a63c4eb703f013fea400126eac1f2"},
  "rustler": {:hex, :rustler, "0.22.2", "f92d6dba71bef6fe5f0d955649cb071127adc92f32a78890e8fa9939e59a1b41", [:mix], [{:jason, "~> 1.2", [hex: :jason, repo: "hexpm", optional: false]}, {:toml, "~> 0.5.2", [hex: :toml, repo: "hexpm", optional: false]}], "hexpm", "56b129141e86d60a2d670af9a2b55a9071e10933ef593034565af77e84655118"},
  "sleeplocks": {:hex, :sleeplocks, "1.1.1", "3d462a0639a6ef36cc75d6038b7393ae537ab394641beb59830a1b8271faeed3", [:rebar3], [], "hexpm", "84ee37aeff4d0d92b290fff986d6a95ac5eedf9b383fadfd1d88e9b84a1c02e1"},
  "ssl_verify_fun": {:hex, :ssl_verify_fun, "1.1.6", "cf344f5692c82d2cd7554f5ec8fd961548d4fd09e7d22f5b62482e5aeaebd4b0", [:make, :mix, :rebar3], [], "hexpm", "bdb0d2471f453c88ff3908e7686f86f9be327d065cc1ec16fa4540197ea04680"},
  "telemetry": {:hex, :telemetry, "1.0.0", "0f453a102cdf13d506b7c0ab158324c337c41f1cc7548f0bc0e130bbf0ae9452", [:rebar3], [], "hexpm", "73bc09fa59b4a0284efb4624335583c528e07ec9ae76aca96ea0673850aec57a"},
  "the_big_username_blacklist": {:hex, :the_big_username_blacklist, "0.1.2", "a2622f06a26279c9cd5216ada872c2dceb63bc2ade5c8714df0de65a24aa985c", [:mix], [], "hexpm", "9f411601209758d4a5ef9e247a1e7b908c0cd05e78171f51f07e68b7afb038fe"},
  "toml": {:hex, :toml, "0.5.2", "e471388a8726d1ce51a6b32f864b8228a1eb8edc907a0edf2bb50eab9321b526", [:mix], [], "hexpm", "f1e3dabef71fb510d015fad18c0e05e7c57281001141504c6b69d94e99750a07"},
  "tzdata": {:hex, :tzdata, "1.1.1", "20c8043476dfda8504952d00adac41c6eda23912278add38edc140ae0c5bcc46", [:mix], [{:hackney, "~> 1.17", [hex: :hackney, repo: "hexpm", optional: false]}], "hexpm", "a69cec8352eafcd2e198dea28a34113b60fdc6cb57eb5ad65c10292a6ba89787"},
  "unicode_util_compat": {:hex, :unicode_util_compat, "0.7.0", "bc84380c9ab48177092f43ac89e4dfa2c6d62b40b8bd132b1059ecc7232f9a78", [:rebar3], [], "hexpm", "25eee6d67df61960cf6a794239566599b09e17e668d3700247bc498638152521"},
  "unsafe": {:hex, :unsafe, "1.0.1", "a27e1874f72ee49312e0a9ec2e0b27924214a05e3ddac90e91727bc76f8613d8", [:mix], [], "hexpm", "6c7729a2d214806450d29766abc2afaa7a2cbecf415be64f36a6691afebb50e5"},
}
